// !$*UTF8*$!
{
	archiveVersion = 1;
	classes = {
	};
	objectVersion = 56;
	objects = {

/* Begin PBXBuildFile section */
		1AE971E22BB6F85000F75155 /* RealityKitContent in Frameworks */ = {isa = PBXBuildFile; productRef = 1AE971E12BB6F85000F75155 /* RealityKitContent */; };
		1AE971E42BB6F85000F75155 /* VisionOSRecognizingTextImagesSampleApp.swift in Sources */ = {isa = PBXBuildFile; fileRef = 1AE971E32BB6F85000F75155 /* VisionOSRecognizingTextImagesSampleApp.swift */; };
		1AE971E62BB6F85000F75155 /* ContentView.swift in Sources */ = {isa = PBXBuildFile; fileRef = 1AE971E52BB6F85000F75155 /* ContentView.swift */; };
		1AE971E82BB6F85200F75155 /* Assets.xcassets in Resources */ = {isa = PBXBuildFile; fileRef = 1AE971E72BB6F85200F75155 /* Assets.xcassets */; };
		1AE971EB2BB6F85200F75155 /* Preview Assets.xcassets in Resources */ = {isa = PBXBuildFile; fileRef = 1AE971EA2BB6F85200F75155 /* Preview Assets.xcassets */; };
		1AE971F62BB6F85200F75155 /* VisionOSRecognizingTextImagesSampleTests.swift in Sources */ = {isa = PBXBuildFile; fileRef = 1AE971F52BB6F85200F75155 /* VisionOSRecognizingTextImagesSampleTests.swift */; };
/* End PBXBuildFile section */

/* Begin PBXContainerItemProxy section */
		1AE971F22BB6F85200F75155 /* PBXContainerItemProxy */ = {
			isa = PBXContainerItemProxy;
			containerPortal = 1AE971D42BB6F85000F75155 /* Project object */;
			proxyType = 1;
			remoteGlobalIDString = 1AE971DB2BB6F85000F75155;
			remoteInfo = VisionOSRecognizingTextImagesSample;
		};
/* End PBXContainerItemProxy section */

/* Begin PBXFileReference section */
		1AE971DC2BB6F85000F75155 /* VisionOSRecognizingTextImagesSample.app */ = {isa = PBXFileReference; explicitFileType = wrapper.application; includeInIndex = 0; path = VisionOSRecognizingTextImagesSample.app; sourceTree = BUILT_PRODUCTS_DIR; };
		1AE971E02BB6F85000F75155 /* RealityKitContent */ = {isa = PBXFileReference; lastKnownFileType = wrapper; path = RealityKitContent; sourceTree = "<group>"; };
		1AE971E32BB6F85000F75155 /* VisionOSRecognizingTextImagesSampleApp.swift */ = {isa = PBXFileReference; lastKnownFileType = sourcecode.swift; path = VisionOSRecognizingTextImagesSampleApp.swift; sourceTree = "<group>"; };
		1AE971E52BB6F85000F75155 /* ContentView.swift */ = {isa = PBXFileReference; lastKnownFileType = sourcecode.swift; path = ContentView.swift; sourceTree = "<group>"; };
		1AE971E72BB6F85200F75155 /* Assets.xcassets */ = {isa = PBXFileReference; lastKnownFileType = folder.assetcatalog; path = Assets.xcassets; sourceTree = "<group>"; };
		1AE971EA2BB6F85200F75155 /* Preview Assets.xcassets */ = {isa = PBXFileReference; lastKnownFileType = folder.assetcatalog; path = "Preview Assets.xcassets"; sourceTree = "<group>"; };
		1AE971EC2BB6F85200F75155 /* Info.plist */ = {isa = PBXFileReference; lastKnownFileType = text.plist.xml; path = Info.plist; sourceTree = "<group>"; };
		1AE971F12BB6F85200F75155 /* VisionOSRecognizingTextImagesSampleTests.xctest */ = {isa = PBXFileReference; explicitFileType = wrapper.cfbundle; includeInIndex = 0; path = VisionOSRecognizingTextImagesSampleTests.xctest; sourceTree = BUILT_PRODUCTS_DIR; };
		1AE971F52BB6F85200F75155 /* VisionOSRecognizingTextImagesSampleTests.swift */ = {isa = PBXFileReference; lastKnownFileType = sourcecode.swift; path = VisionOSRecognizingTextImagesSampleTests.swift; sourceTree = "<group>"; };
/* End PBXFileReference section */

/* Begin PBXFrameworksBuildPhase section */
		1AE971D92BB6F85000F75155 /* Frameworks */ = {
			isa = PBXFrameworksBuildPhase;
			buildActionMask = 2147483647;
			files = (
				1AE971E22BB6F85000F75155 /* RealityKitContent in Frameworks */,
			);
			runOnlyForDeploymentPostprocessing = 0;
		};
		1AE971EE2BB6F85200F75155 /* Frameworks */ = {
			isa = PBXFrameworksBuildPhase;
			buildActionMask = 2147483647;
			files = (
			);
			runOnlyForDeploymentPostprocessing = 0;
		};
/* End PBXFrameworksBuildPhase section */

/* Begin PBXGroup section */
		1AE971D32BB6F85000F75155 = {
			isa = PBXGroup;
			children = (
				1AE971DE2BB6F85000F75155 /* VisionOSRecognizingTextImagesSample */,
				1AE971DF2BB6F85000F75155 /* Packages */,
				1AE971F42BB6F85200F75155 /* VisionOSRecognizingTextImagesSampleTests */,
				1AE971DD2BB6F85000F75155 /* Products */,
			);
			sourceTree = "<group>";
		};
		1AE971DD2BB6F85000F75155 /* Products */ = {
			isa = PBXGroup;
			children = (
				1AE971DC2BB6F85000F75155 /* VisionOSRecognizingTextImagesSample.app */,
				1AE971F12BB6F85200F75155 /* VisionOSRecognizingTextImagesSampleTests.xctest */,
			);
			name = Products;
			sourceTree = "<group>";
		};
		1AE971DE2BB6F85000F75155 /* VisionOSRecognizingTextImagesSample */ = {
			isa = PBXGroup;
			children = (
				1AE971E32BB6F85000F75155 /* VisionOSRecognizingTextImagesSampleApp.swift */,
				1AE971E52BB6F85000F75155 /* ContentView.swift */,
				1AE971E72BB6F85200F75155 /* Assets.xcassets */,
				1AE971EC2BB6F85200F75155 /* Info.plist */,
				1AE971E92BB6F85200F75155 /* Preview Content */,
			);
			path = VisionOSRecognizingTextImagesSample;
			sourceTree = "<group>";
		};
		1AE971DF2BB6F85000F75155 /* Packages */ = {
			isa = PBXGroup;
			children = (
				1AE971E02BB6F85000F75155 /* RealityKitContent */,
			);
			path = Packages;
			sourceTree = "<group>";
		};
		1AE971E92BB6F85200F75155 /* Preview Content */ = {
			isa = PBXGroup;
			children = (
				1AE971EA2BB6F85200F75155 /* Preview Assets.xcassets */,
			);
			path = "Preview Content";
			sourceTree = "<group>";
		};
		1AE971F42BB6F85200F75155 /* VisionOSRecognizingTextImagesSampleTests */ = {
			isa = PBXGroup;
			children = (
				1AE971F52BB6F85200F75155 /* VisionOSRecognizingTextImagesSampleTests.swift */,
			);
			path = VisionOSRecognizingTextImagesSampleTests;
			sourceTree = "<group>";
		};
/* End PBXGroup section */

/* Begin PBXNativeTarget section */
		1AE971DB2BB6F85000F75155 /* VisionOSRecognizingTextImagesSample */ = {
			isa = PBXNativeTarget;
			buildConfigurationList = 1AE971F92BB6F85200F75155 /* Build configuration list for PBXNativeTarget "VisionOSRecognizingTextImagesSample" */;
			buildPhases = (
				1AE971D82BB6F85000F75155 /* Sources */,
				1AE971D92BB6F85000F75155 /* Frameworks */,
				1AE971DA2BB6F85000F75155 /* Resources */,
			);
			buildRules = (
			);
			dependencies = (
			);
			name = VisionOSRecognizingTextImagesSample;
			packageProductDependencies = (
				1AE971E12BB6F85000F75155 /* RealityKitContent */,
			);
			productName = VisionOSRecognizingTextImagesSample;
			productReference = 1AE971DC2BB6F85000F75155 /* VisionOSRecognizingTextImagesSample.app */;
			productType = "com.apple.product-type.application";
		};
		1AE971F02BB6F85200F75155 /* VisionOSRecognizingTextImagesSampleTests */ = {
			isa = PBXNativeTarget;
			buildConfigurationList = 1AE971FC2BB6F85200F75155 /* Build configuration list for PBXNativeTarget "VisionOSRecognizingTextImagesSampleTests" */;
			buildPhases = (
				1AE971ED2BB6F85200F75155 /* Sources */,
				1AE971EE2BB6F85200F75155 /* Frameworks */,
				1AE971EF2BB6F85200F75155 /* Resources */,
			);
			buildRules = (
			);
			dependencies = (
				1AE971F32BB6F85200F75155 /* PBXTargetDependency */,
			);
			name = VisionOSRecognizingTextImagesSampleTests;
			productName = VisionOSRecognizingTextImagesSampleTests;
			productReference = 1AE971F12BB6F85200F75155 /* VisionOSRecognizingTextImagesSampleTests.xctest */;
			productType = "com.apple.product-type.bundle.unit-test";
		};
/* End PBXNativeTarget section */

/* Begin PBXProject section */
		1AE971D42BB6F85000F75155 /* Project object */ = {
			isa = PBXProject;
			attributes = {
				BuildIndependentTargetsInParallel = 1;
				LastSwiftUpdateCheck = 1530;
				LastUpgradeCheck = 1530;
				TargetAttributes = {
					1AE971DB2BB6F85000F75155 = {
						CreatedOnToolsVersion = 15.3;
					};
					1AE971F02BB6F85200F75155 = {
						CreatedOnToolsVersion = 15.3;
						TestTargetID = 1AE971DB2BB6F85000F75155;
					};
				};
			};
			buildConfigurationList = 1AE971D72BB6F85000F75155 /* Build configuration list for PBXProject "VisionOSRecognizingTextImagesSample" */;
			compatibilityVersion = "Xcode 14.0";
			developmentRegion = en;
			hasScannedForEncodings = 0;
			knownRegions = (
				en,
				Base,
			);
			mainGroup = 1AE971D32BB6F85000F75155;
			productRefGroup = 1AE971DD2BB6F85000F75155 /* Products */;
			projectDirPath = "";
			projectRoot = "";
			targets = (
				1AE971DB2BB6F85000F75155 /* VisionOSRecognizingTextImagesSample */,
				1AE971F02BB6F85200F75155 /* VisionOSRecognizingTextImagesSampleTests */,
			);
		};
/* End PBXProject section */

/* Begin PBXResourcesBuildPhase section */
		1AE971DA2BB6F85000F75155 /* Resources */ = {
			isa = PBXResourcesBuildPhase;
			buildActionMask = 2147483647;
			files = (
				1AE971EB2BB6F85200F75155 /* Preview Assets.xcassets in Resources */,
				1AE971E82BB6F85200F75155 /* Assets.xcassets in Resources */,
			);
			runOnlyForDeploymentPostprocessing = 0;
		};
		1AE971EF2BB6F85200F75155 /* Resources */ = {
			isa = PBXResourcesBuildPhase;
			buildActionMask = 2147483647;
			files = (
			);
			runOnlyForDeploymentPostprocessing = 0;
		};
/* End PBXResourcesBuildPhase section */

/* Begin PBXSourcesBuildPhase section */
		1AE971D82BB6F85000F75155 /* Sources */ = {
			isa = PBXSourcesBuildPhase;
			buildActionMask = 2147483647;
			files = (
				1AE971E62BB6F85000F75155 /* ContentView.swift in Sources */,
				1AE971E42BB6F85000F75155 /* VisionOSRecognizingTextImagesSampleApp.swift in Sources */,
			);
			runOnlyForDeploymentPostprocessing = 0;
		};
		1AE971ED2BB6F85200F75155 /* Sources */ = {
			isa = PBXSourcesBuildPhase;
			buildActionMask = 2147483647;
			files = (
				1AE971F62BB6F85200F75155 /* VisionOSRecognizingTextImagesSampleTests.swift in Sources */,
			);
			runOnlyForDeploymentPostprocessing = 0;
		};
/* End PBXSourcesBuildPhase section */

/* Begin PBXTargetDependency section */
		1AE971F32BB6F85200F75155 /* PBXTargetDependency */ = {
			isa = PBXTargetDependency;
			target = 1AE971DB2BB6F85000F75155 /* VisionOSRecognizingTextImagesSample */;
			targetProxy = 1AE971F22BB6F85200F75155 /* PBXContainerItemProxy */;
		};
/* End PBXTargetDependency section */

/* Begin XCBuildConfiguration section */
		1AE971F72BB6F85200F75155 /* Debug */ = {
			isa = XCBuildConfiguration;
			buildSettings = {
				ALWAYS_SEARCH_USER_PATHS = NO;
				ASSETCATALOG_COMPILER_GENERATE_SWIFT_ASSET_SYMBOL_EXTENSIONS = YES;
				CLANG_ANALYZER_NONNULL = YES;
				CLANG_ANALYZER_NUMBER_OBJECT_CONVERSION = YES_AGGRESSIVE;
				CLANG_CXX_LANGUAGE_STANDARD = "gnu++20";
				CLANG_ENABLE_MODULES = YES;
				CLANG_ENABLE_OBJC_ARC = YES;
				CLANG_ENABLE_OBJC_WEAK = YES;
				CLANG_WARN_BLOCK_CAPTURE_AUTORELEASING = YES;
				CLANG_WARN_BOOL_CONVERSION = YES;
				CLANG_WARN_COMMA = YES;
				CLANG_WARN_CONSTANT_CONVERSION = YES;
				CLANG_WARN_DEPRECATED_OBJC_IMPLEMENTATIONS = YES;
				CLANG_WARN_DIRECT_OBJC_ISA_USAGE = YES_ERROR;
				CLANG_WARN_DOCUMENTATION_COMMENTS = YES;
				CLANG_WARN_EMPTY_BODY = YES;
				CLANG_WARN_ENUM_CONVERSION = YES;
				CLANG_WARN_INFINITE_RECURSION = YES;
				CLANG_WARN_INT_CONVERSION = YES;
				CLANG_WARN_NON_LITERAL_NULL_CONVERSION = YES;
				CLANG_WARN_OBJC_IMPLICIT_RETAIN_SELF = YES;
				CLANG_WARN_OBJC_LITERAL_CONVERSION = YES;
				CLANG_WARN_OBJC_ROOT_CLASS = YES_ERROR;
				CLANG_WARN_QUOTED_INCLUDE_IN_FRAMEWORK_HEADER = YES;
				CLANG_WARN_RANGE_LOOP_ANALYSIS = YES;
				CLANG_WARN_STRICT_PROTOTYPES = YES;
				CLANG_WARN_SUSPICIOUS_MOVE = YES;
				CLANG_WARN_UNGUARDED_AVAILABILITY = YES_AGGRESSIVE;
				CLANG_WARN_UNREACHABLE_CODE = YES;
				CLANG_WARN__DUPLICATE_METHOD_MATCH = YES;
				COPY_PHASE_STRIP = NO;
				DEBUG_INFORMATION_FORMAT = dwarf;
				ENABLE_STRICT_OBJC_MSGSEND = YES;
				ENABLE_TESTABILITY = YES;
				ENABLE_USER_SCRIPT_SANDBOXING = YES;
				GCC_C_LANGUAGE_STANDARD = gnu17;
				GCC_DYNAMIC_NO_PIC = NO;
				GCC_NO_COMMON_BLOCKS = YES;
				GCC_OPTIMIZATION_LEVEL = 0;
				GCC_PREPROCESSOR_DEFINITIONS = (
					"DEBUG=1",
					"$(inherited)",
				);
				GCC_WARN_64_TO_32_BIT_CONVERSION = YES;
				GCC_WARN_ABOUT_RETURN_TYPE = YES_ERROR;
				GCC_WARN_UNDECLARED_SELECTOR = YES;
				GCC_WARN_UNINITIALIZED_AUTOS = YES_AGGRESSIVE;
				GCC_WARN_UNUSED_FUNCTION = YES;
				GCC_WARN_UNUSED_VARIABLE = YES;
				LOCALIZATION_PREFERS_STRING_CATALOGS = YES;
				MTL_ENABLE_DEBUG_INFO = INCLUDE_SOURCE;
				MTL_FAST_MATH = YES;
				ONLY_ACTIVE_ARCH = YES;
				SDKROOT = xros;
				SWIFT_ACTIVE_COMPILATION_CONDITIONS = "DEBUG $(inherited)";
				SWIFT_OPTIMIZATION_LEVEL = "-Onone";
				XROS_DEPLOYMENT_TARGET = 1.1;
			};
			name = Debug;
		};
		1AE971F82BB6F85200F75155 /* Release */ = {
			isa = XCBuildConfiguration;
			buildSettings = {
				ALWAYS_SEARCH_USER_PATHS = NO;
				ASSETCATALOG_COMPILER_GENERATE_SWIFT_ASSET_SYMBOL_EXTENSIONS = YES;
				CLANG_ANALYZER_NONNULL = YES;
				CLANG_ANALYZER_NUMBER_OBJECT_CONVERSION = YES_AGGRESSIVE;
				CLANG_CXX_LANGUAGE_STANDARD = "gnu++20";
				CLANG_ENABLE_MODULES = YES;
				CLANG_ENABLE_OBJC_ARC = YES;
				CLANG_ENABLE_OBJC_WEAK = YES;
				CLANG_WARN_BLOCK_CAPTURE_AUTORELEASING = YES;
				CLANG_WARN_BOOL_CONVERSION = YES;
				CLANG_WARN_COMMA = YES;
				CLANG_WARN_CONSTANT_CONVERSION = YES;
				CLANG_WARN_DEPRECATED_OBJC_IMPLEMENTATIONS = YES;
				CLANG_WARN_DIRECT_OBJC_ISA_USAGE = YES_ERROR;
				CLANG_WARN_DOCUMENTATION_COMMENTS = YES;
				CLANG_WARN_EMPTY_BODY = YES;
				CLANG_WARN_ENUM_CONVERSION = YES;
				CLANG_WARN_INFINITE_RECURSION = YES;
				CLANG_WARN_INT_CONVERSION = YES;
				CLANG_WARN_NON_LITERAL_NULL_CONVERSION = YES;
				CLANG_WARN_OBJC_IMPLICIT_RETAIN_SELF = YES;
				CLANG_WARN_OBJC_LITERAL_CONVERSION = YES;
				CLANG_WARN_OBJC_ROOT_CLASS = YES_ERROR;
				CLANG_WARN_QUOTED_INCLUDE_IN_FRAMEWORK_HEADER = YES;
				CLANG_WARN_RANGE_LOOP_ANALYSIS = YES;
				CLANG_WARN_STRICT_PROTOTYPES = YES;
				CLANG_WARN_SUSPICIOUS_MOVE = YES;
				CLANG_WARN_UNGUARDED_AVAILABILITY = YES_AGGRESSIVE;
				CLANG_WARN_UNREACHABLE_CODE = YES;
				CLANG_WARN__DUPLICATE_METHOD_MATCH = YES;
				COPY_PHASE_STRIP = NO;
				DEBUG_INFORMATION_FORMAT = "dwarf-with-dsym";
				ENABLE_NS_ASSERTIONS = NO;
				ENABLE_STRICT_OBJC_MSGSEND = YES;
				ENABLE_USER_SCRIPT_SANDBOXING = YES;
				GCC_C_LANGUAGE_STANDARD = gnu17;
				GCC_NO_COMMON_BLOCKS = YES;
				GCC_WARN_64_TO_32_BIT_CONVERSION = YES;
				GCC_WARN_ABOUT_RETURN_TYPE = YES_ERROR;
				GCC_WARN_UNDECLARED_SELECTOR = YES;
				GCC_WARN_UNINITIALIZED_AUTOS = YES_AGGRESSIVE;
				GCC_WARN_UNUSED_FUNCTION = YES;
				GCC_WARN_UNUSED_VARIABLE = YES;
				LOCALIZATION_PREFERS_STRING_CATALOGS = YES;
				MTL_ENABLE_DEBUG_INFO = NO;
				MTL_FAST_MATH = YES;
				SDKROOT = xros;
				SWIFT_COMPILATION_MODE = wholemodule;
				VALIDATE_PRODUCT = YES;
				XROS_DEPLOYMENT_TARGET = 1.1;
			};
			name = Release;
		};
		1AE971FA2BB6F85200F75155 /* Debug */ = {
			isa = XCBuildConfiguration;
			buildSettings = {
				ASSETCATALOG_COMPILER_APPICON_NAME = AppIcon;
				ASSETCATALOG_COMPILER_GLOBAL_ACCENT_COLOR_NAME = AccentColor;
				CODE_SIGN_STYLE = Automatic;
				CURRENT_PROJECT_VERSION = 1;
				DEVELOPMENT_ASSET_PATHS = "\"VisionOSRecognizingTextImagesSample/Preview Content\"";
				DEVELOPMENT_TEAM = ED5R9E794B;
				ENABLE_PREVIEWS = YES;
				GENERATE_INFOPLIST_FILE = YES;
				INFOPLIST_FILE = "$(TARGET_NAME)/Info.plist";
				LD_RUNPATH_SEARCH_PATHS = (
					"$(inherited)",
					"@executable_path/Frameworks",
				);
				MARKETING_VERSION = 1.0;
				PRODUCT_BUNDLE_IDENTIFIER = jp.co.1planet.visionos.sample.recognizing.text.images.VisionOSRecognizingTextImagesSample;
				PRODUCT_NAME = "$(TARGET_NAME)";
				SUPPORTED_PLATFORMS = "xros xrsimulator";
				SWIFT_EMIT_LOC_STRINGS = YES;
				SWIFT_VERSION = 5.0;
				TARGETED_DEVICE_FAMILY = "1,2,7";
			};
			name = Debug;
		};
		1AE971FB2BB6F85200F75155 /* Release */ = {
			isa = XCBuildConfiguration;
			buildSettings = {
				ASSETCATALOG_COMPILER_APPICON_NAME = AppIcon;
				ASSETCATALOG_COMPILER_GLOBAL_ACCENT_COLOR_NAME = AccentColor;
				CODE_SIGN_STYLE = Automatic;
				CURRENT_PROJECT_VERSION = 1;
				DEVELOPMENT_ASSET_PATHS = "\"VisionOSRecognizingTextImagesSample/Preview Content\"";
				DEVELOPMENT_TEAM = ED5R9E794B;
				ENABLE_PREVIEWS = YES;
				GENERATE_INFOPLIST_FILE = YES;
				INFOPLIST_FILE = "$(TARGET_NAME)/Info.plist";
				LD_RUNPATH_SEARCH_PATHS = (
					"$(inherited)",
					"@executable_path/Frameworks",
				);
				MARKETING_VERSION = 1.0;
				PRODUCT_BUNDLE_IDENTIFIER = jp.co.1planet.visionos.sample.recognizing.text.images.VisionOSRecognizingTextImagesSample;
				PRODUCT_NAME = "$(TARGET_NAME)";
				SUPPORTED_PLATFORMS = "xros xrsimulator";
				SWIFT_EMIT_LOC_STRINGS = YES;
				SWIFT_VERSION = 5.0;
				TARGETED_DEVICE_FAMILY = "1,2,7";
			};
			name = Release;
		};
		1AE971FD2BB6F85200F75155 /* Debug */ = {
			isa = XCBuildConfiguration;
			buildSettings = {
				ALWAYS_EMBED_SWIFT_STANDARD_LIBRARIES = YES;
				BUNDLE_LOADER = "$(TEST_HOST)";
				CODE_SIGN_STYLE = Automatic;
				CURRENT_PROJECT_VERSION = 1;
				DEVELOPMENT_TEAM = ED5R9E794B;
				GENERATE_INFOPLIST_FILE = YES;
				MARKETING_VERSION = 1.0;
				PRODUCT_BUNDLE_IDENTIFIER = jp.co.1planet.visionos.sample.recognizing.text.images.VisionOSRecognizingTextImagesSampleTests;
				PRODUCT_NAME = "$(TARGET_NAME)";
				SUPPORTED_PLATFORMS = "xros xrsimulator";
				SWIFT_EMIT_LOC_STRINGS = NO;
				SWIFT_VERSION = 5.0;
				TARGETED_DEVICE_FAMILY = "1,2,7";
				TEST_HOST = "$(BUILT_PRODUCTS_DIR)/VisionOSRecognizingTextImagesSample.app/$(BUNDLE_EXECUTABLE_FOLDER_PATH)/VisionOSRecognizingTextImagesSample";
				XROS_DEPLOYMENT_TARGET = 1.1;
			};
			name = Debug;
		};
		1AE971FE2BB6F85200F75155 /* Release */ = {
			isa = XCBuildConfiguration;
			buildSettings = {
				ALWAYS_EMBED_SWIFT_STANDARD_LIBRARIES = YES;
				BUNDLE_LOADER = "$(TEST_HOST)";
				CODE_SIGN_STYLE = Automatic;
				CURRENT_PROJECT_VERSION = 1;
				DEVELOPMENT_TEAM = ED5R9E794B;
				GENERATE_INFOPLIST_FILE = YES;
				MARKETING_VERSION = 1.0;
				PRODUCT_BUNDLE_IDENTIFIER = jp.co.1planet.visionos.sample.recognizing.text.images.VisionOSRecognizingTextImagesSampleTests;
				PRODUCT_NAME = "$(TARGET_NAME)";
				SUPPORTED_PLATFORMS = "xros xrsimulator";
				SWIFT_EMIT_LOC_STRINGS = NO;
				SWIFT_VERSION = 5.0;
				TARGETED_DEVICE_FAMILY = "1,2,7";
				TEST_HOST = "$(BUILT_PRODUCTS_DIR)/VisionOSRecognizingTextImagesSample.app/$(BUNDLE_EXECUTABLE_FOLDER_PATH)/VisionOSRecognizingTextImagesSample";
				XROS_DEPLOYMENT_TARGET = 1.1;
			};
			name = Release;
		};
/* End XCBuildConfiguration section */

/* Begin XCConfigurationList section */
		1AE971D72BB6F85000F75155 /* Build configuration list for PBXProject "VisionOSRecognizingTextImagesSample" */ = {
			isa = XCConfigurationList;
			buildConfigurations = (
				1AE971F72BB6F85200F75155 /* Debug */,
				1AE971F82BB6F85200F75155 /* Release */,
			);
			defaultConfigurationIsVisible = 0;
			defaultConfigurationName = Release;
		};
		1AE971F92BB6F85200F75155 /* Build configuration list for PBXNativeTarget "VisionOSRecognizingTextImagesSample" */ = {
			isa = XCConfigurationList;
			buildConfigurations = (
				1AE971FA2BB6F85200F75155 /* Debug */,
				1AE971FB2BB6F85200F75155 /* Release */,
			);
			defaultConfigurationIsVisible = 0;
			defaultConfigurationName = Release;
		};
		1AE971FC2BB6F85200F75155 /* Build configuration list for PBXNativeTarget "VisionOSRecognizingTextImagesSampleTests" */ = {
			isa = XCConfigurationList;
			buildConfigurations = (
				1AE971FD2BB6F85200F75155 /* Debug */,
				1AE971FE2BB6F85200F75155 /* Release */,
			);
			defaultConfigurationIsVisible = 0;
			defaultConfigurationName = Release;
		};
/* End XCConfigurationList section */

/* Begin XCSwiftPackageProductDependency section */
		1AE971E12BB6F85000F75155 /* RealityKitContent */ = {
			isa = XCSwiftPackageProductDependency;
			productName = RealityKitContent;
		};
/* End XCSwiftPackageProductDependency section */
	};
	rootObject = 1AE971D42BB6F85000F75155 /* Project object */;
}
